// !$*UTF8*$!
{
	archiveVersion = 1;
	classes = {
	};
	objectVersion = 50;
	objects = {

/* Begin PBXBuildFile section */
		14B057DA235C64E000E3538C /* AppDelegate.swift in Sources */ = {isa = PBXBuildFile; fileRef = 14B057D9235C64E000E3538C /* AppDelegate.swift */; };
		14B057DC235C64E000E3538C /* SceneDelegate.swift in Sources */ = {isa = PBXBuildFile; fileRef = 14B057DB235C64E000E3538C /* SceneDelegate.swift */; };
		14B057DE235C64E000E3538C /* ContentView.swift in Sources */ = {isa = PBXBuildFile; fileRef = 14B057DD235C64E000E3538C /* ContentView.swift */; };
		14B057E0235C64E100E3538C /* Assets.xcassets in Resources */ = {isa = PBXBuildFile; fileRef = 14B057DF235C64E100E3538C /* Assets.xcassets */; };
		14B057E3235C64E100E3538C /* Preview Assets.xcassets in Resources */ = {isa = PBXBuildFile; fileRef = 14B057E2235C64E100E3538C /* Preview Assets.xcassets */; };
		14B057E6235C64E100E3538C /* LaunchScreen.storyboard in Resources */ = {isa = PBXBuildFile; fileRef = 14B057E4235C64E100E3538C /* LaunchScreen.storyboard */; };
		14B8C9CA239D25240033EE90 /* PostView.swift in Sources */ = {isa = PBXBuildFile; fileRef = 14B8C9C9239D25240033EE90 /* PostView.swift */; };
		14B8C9CC239D25340033EE90 /* StoryView.swift in Sources */ = {isa = PBXBuildFile; fileRef = 14B8C9CB239D25340033EE90 /* StoryView.swift */; };
		14B8C9CE239D25620033EE90 /* Post.swift in Sources */ = {isa = PBXBuildFile; fileRef = 14B8C9CD239D25620033EE90 /* Post.swift */; };
		14B8C9D0239D25870033EE90 /* Story.swift in Sources */ = {isa = PBXBuildFile; fileRef = 14B8C9CF239D25870033EE90 /* Story.swift */; };
/* End PBXBuildFile section */

/* Begin PBXFileReference section */
		14B057D6235C64E000E3538C /* InstagramHomeSwiftUI.app */ = {isa = PBXFileReference; explicitFileType = wrapper.application; includeInIndex = 0; path = InstagramHomeSwiftUI.app; sourceTree = BUILT_PRODUCTS_DIR; };
		14B057D9235C64E000E3538C /* AppDelegate.swift */ = {isa = PBXFileReference; lastKnownFileType = sourcecode.swift; path = AppDelegate.swift; sourceTree = "<group>"; };
		14B057DB235C64E000E3538C /* SceneDelegate.swift */ = {isa = PBXFileReference; lastKnownFileType = sourcecode.swift; path = SceneDelegate.swift; sourceTree = "<group>"; };
		14B057DD235C64E000E3538C /* ContentView.swift */ = {isa = PBXFileReference; lastKnownFileType = sourcecode.swift; path = ContentView.swift; sourceTree = "<group>"; };
		14B057DF235C64E100E3538C /* Assets.xcassets */ = {isa = PBXFileReference; lastKnownFileType = folder.assetcatalog; path = Assets.xcassets; sourceTree = "<group>"; };
		14B057E2235C64E100E3538C /* Preview Assets.xcassets */ = {isa = PBXFileReference; lastKnownFileType = folder.assetcatalog; path = "Preview Assets.xcassets"; sourceTree = "<group>"; };
		14B057E5235C64E100E3538C /* Base */ = {isa = PBXFileReference; lastKnownFileType = file.storyboard; name = Base; path = Base.lproj/LaunchScreen.storyboard; sourceTree = "<group>"; };
		14B057E7235C64E100E3538C /* Info.plist */ = {isa = PBXFileReference; lastKnownFileType = text.plist.xml; path = Info.plist; sourceTree = "<group>"; };
		14B8C9C9239D25240033EE90 /* PostView.swift */ = {isa = PBXFileReference; lastKnownFileType = sourcecode.swift; path = PostView.swift; sourceTree = "<group>"; };
		14B8C9CB239D25340033EE90 /* StoryView.swift */ = {isa = PBXFileReference; lastKnownFileType = sourcecode.swift; path = StoryView.swift; sourceTree = "<group>"; };
		14B8C9CD239D25620033EE90 /* Post.swift */ = {isa = PBXFileReference; lastKnownFileType = sourcecode.swift; path = Post.swift; sourceTree = "<group>"; };
		14B8C9CF239D25870033EE90 /* Story.swift */ = {isa = PBXFileReference; lastKnownFileType = sourcecode.swift; path = Story.swift; sourceTree = "<group>"; };
/* End PBXFileReference section */

/* Begin PBXFrameworksBuildPhase section */
		14B057D3235C64E000E3538C /* Frameworks */ = {
			isa = PBXFrameworksBuildPhase;
			buildActionMask = 2147483647;
			files = (
			);
			runOnlyForDeploymentPostprocessing = 0;
		};
/* End PBXFrameworksBuildPhase section */

/* Begin PBXGroup section */
		14B057CD235C64E000E3538C = {
			isa = PBXGroup;
			children = (
				14B057D8235C64E000E3538C /* InstagramHomeSwiftUI */,
				14B057D7235C64E000E3538C /* Products */,
			);
			sourceTree = "<group>";
		};
		14B057D7235C64E000E3538C /* Products */ = {
			isa = PBXGroup;
			children = (
				14B057D6235C64E000E3538C /* InstagramHomeSwiftUI.app */,
			);
			name = Products;
			sourceTree = "<group>";
		};
		14B057D8235C64E000E3538C /* InstagramHomeSwiftUI */ = {
			isa = PBXGroup;
			children = (
				14B8C9D2239D259C0033EE90 /* View */,
				14B8C9D1239D25930033EE90 /* Model */,
				14B057D9235C64E000E3538C /* AppDelegate.swift */,
				14B057DB235C64E000E3538C /* SceneDelegate.swift */,
				14B057DD235C64E000E3538C /* ContentView.swift */,
				14B057DF235C64E100E3538C /* Assets.xcassets */,
				14B057E4235C64E100E3538C /* LaunchScreen.storyboard */,
				14B057E7235C64E100E3538C /* Info.plist */,
				14B057E1235C64E100E3538C /* Preview Content */,
			);
			path = InstagramHomeSwiftUI;
			sourceTree = "<group>";
		};
		14B057E1235C64E100E3538C /* Preview Content */ = {
			isa = PBXGroup;
			children = (
				14B057E2235C64E100E3538C /* Preview Assets.xcassets */,
			);
			path = "Preview Content";
			sourceTree = "<group>";
		};
		14B8C9D1239D25930033EE90 /* Model */ = {
			isa = PBXGroup;
			children = (
				14B8C9CD239D25620033EE90 /* Post.swift */,
				14B8C9CF239D25870033EE90 /* Story.swift */,
			);
			path = Model;
			sourceTree = "<group>";
		};
		14B8C9D2239D259C0033EE90 /* View */ = {
			isa = PBXGroup;
			children = (
				14B8C9C9239D25240033EE90 /* PostView.swift */,
				14B8C9CB239D25340033EE90 /* StoryView.swift */,
			);
			path = View;
			sourceTree = "<group>";
		};
/* End PBXGroup section */

/* Begin PBXNativeTarget section */
		14B057D5235C64E000E3538C /* InstagramHomeSwiftUI */ = {
			isa = PBXNativeTarget;
			buildConfigurationList = 14B057EA235C64E100E3538C /* Build configuration list for PBXNativeTarget "InstagramHomeSwiftUI" */;
			buildPhases = (
				14B057D2235C64E000E3538C /* Sources */,
				14B057D3235C64E000E3538C /* Frameworks */,
				14B057D4235C64E000E3538C /* Resources */,
			);
			buildRules = (
			);
			dependencies = (
			);
			name = InstagramHomeSwiftUI;
			productName = InstagramHomeSwiftUI;
			productReference = 14B057D6235C64E000E3538C /* InstagramHomeSwiftUI.app */;
			productType = "com.apple.product-type.application";
		};
/* End PBXNativeTarget section */

/* Begin PBXProject section */
		14B057CE235C64E000E3538C /* Project object */ = {
			isa = PBXProject;
			attributes = {
				LastSwiftUpdateCheck = 1110;
				LastUpgradeCheck = 1110;
				ORGANIZATIONNAME = Sean;
				TargetAttributes = {
					14B057D5235C64E000E3538C = {
						CreatedOnToolsVersion = 11.1;
					};
				};
			};
			buildConfigurationList = 14B057D1235C64E000E3538C /* Build configuration list for PBXProject "InstagramHomeSwiftUI" */;
			compatibilityVersion = "Xcode 9.3";
			developmentRegion = en;
			hasScannedForEncodings = 0;
			knownRegions = (
				en,
				Base,
			);
			mainGroup = 14B057CD235C64E000E3538C;
			productRefGroup = 14B057D7235C64E000E3538C /* Products */;
			projectDirPath = "";
			projectRoot = "";
			targets = (
				14B057D5235C64E000E3538C /* InstagramHomeSwiftUI */,
			);
		};
/* End PBXProject section */

/* Begin PBXResourcesBuildPhase section */
		14B057D4235C64E000E3538C /* Resources */ = {
			isa = PBXResourcesBuildPhase;
			buildActionMask = 2147483647;
			files = (
				14B057E6235C64E100E3538C /* LaunchScreen.storyboard in Resources */,
				14B057E3235C64E100E3538C /* Preview Assets.xcassets in Resources */,
				14B057E0235C64E100E3538C /* Assets.xcassets in Resources */,
			);
			runOnlyForDeploymentPostprocessing = 0;
		};
/* End PBXResourcesBuildPhase section */

/* Begin PBXSourcesBuildPhase section */
		14B057D2235C64E000E3538C /* Sources */ = {
			isa = PBXSourcesBuildPhase;
			buildActionMask = 2147483647;
			files = (
				14B8C9D0239D25870033EE90 /* Story.swift in Sources */,
				14B8C9CC239D25340033EE90 /* StoryView.swift in Sources */,
				14B057DA235C64E000E3538C /* AppDelegate.swift in Sources */,
				14B057DC235C64E000E3538C /* SceneDelegate.swift in Sources */,
				14B8C9CE239D25620033EE90 /* Post.swift in Sources */,
				14B8C9CA239D25240033EE90 /* PostView.swift in Sources */,
				14B057DE235C64E000E3538C /* ContentView.swift in Sources */,
			);
			runOnlyForDeploymentPostprocessing = 0;
		};
/* End PBXSourcesBuildPhase section */

/* Begin PBXVariantGroup section */
		14B057E4235C64E100E3538C /* LaunchScreen.storyboard */ = {
			isa = PBXVariantGroup;
			children = (
				14B057E5235C64E100E3538C /* Base */,
			);
			name = LaunchScreen.storyboard;
			sourceTree = "<group>";
		};
/* End PBXVariantGroup section */

/* Begin XCBuildConfiguration section */
		14B057E8235C64E100E3538C /* Debug */ = {
			isa = XCBuildConfiguration;
			buildSettings = {
				ALWAYS_SEARCH_USER_PATHS = NO;
				CLANG_ANALYZER_NONNULL = YES;
				CLANG_ANALYZER_NUMBER_OBJECT_CONVERSION = YES_AGGRESSIVE;
				CLANG_CXX_LANGUAGE_STANDARD = "gnu++14";
				CLANG_CXX_LIBRARY = "libc++";
				CLANG_ENABLE_MODULES = YES;
				CLANG_ENABLE_OBJC_ARC = YES;
				CLANG_ENABLE_OBJC_WEAK = YES;
				CLANG_WARN_BLOCK_CAPTURE_AUTORELEASING = YES;
				CLANG_WARN_BOOL_CONVERSION = YES;
				CLANG_WARN_COMMA = YES;
				CLANG_WARN_CONSTANT_CONVERSION = YES;
				CLANG_WARN_DEPRECATED_OBJC_IMPLEMENTATIONS = YES;
				CLANG_WARN_DIRECT_OBJC_ISA_USAGE = YES_ERROR;
				CLANG_WARN_DOCUMENTATION_COMMENTS = YES;
				CLANG_WARN_EMPTY_BODY = YES;
				CLANG_WARN_ENUM_CONVERSION = YES;
				CLANG_WARN_INFINITE_RECURSION = YES;
				CLANG_WARN_INT_CONVERSION = YES;
				CLANG_WARN_NON_LITERAL_NULL_CONVERSION = YES;
				CLANG_WARN_OBJC_IMPLICIT_RETAIN_SELF = YES;
				CLANG_WARN_OBJC_LITERAL_CONVERSION = YES;
				CLANG_WARN_OBJC_ROOT_CLASS = YES_ERROR;
				CLANG_WARN_RANGE_LOOP_ANALYSIS = YES;
				CLANG_WARN_STRICT_PROTOTYPES = YES;
				CLANG_WARN_SUSPICIOUS_MOVE = YES;
				CLANG_WARN_UNGUARDED_AVAILABILITY = YES_AGGRESSIVE;
				CLANG_WARN_UNREACHABLE_CODE = YES;
				CLANG_WARN__DUPLICATE_METHOD_MATCH = YES;
				COPY_PHASE_STRIP = NO;
				DEBUG_INFORMATION_FORMAT = dwarf;
				ENABLE_STRICT_OBJC_MSGSEND = YES;
				ENABLE_TESTABILITY = YES;
				GCC_C_LANGUAGE_STANDARD = gnu11;
				GCC_DYNAMIC_NO_PIC = NO;
				GCC_NO_COMMON_BLOCKS = YES;
				GCC_OPTIMIZATION_LEVEL = 0;
				GCC_PREPROCESSOR_DEFINITIONS = (
					"DEBUG=1",
					"$(inherited)",
				);
				GCC_WARN_64_TO_32_BIT_CONVERSION = YES;
				GCC_WARN_ABOUT_RETURN_TYPE = YES_ERROR;
				GCC_WARN_UNDECLARED_SELECTOR = YES;
				GCC_WARN_UNINITIALIZED_AUTOS = YES_AGGRESSIVE;
				GCC_WARN_UNUSED_FUNCTION = YES;
				GCC_WARN_UNUSED_VARIABLE = YES;
				IPHONEOS_DEPLOYMENT_TARGET = 13.1;
				MTL_ENABLE_DEBUG_INFO = INCLUDE_SOURCE;
				MTL_FAST_MATH = YES;
				ONLY_ACTIVE_ARCH = YES;
				SDKROOT = iphoneos;
				SWIFT_ACTIVE_COMPILATION_CONDITIONS = DEBUG;
				SWIFT_OPTIMIZATION_LEVEL = "-Onone";
			};
			name = Debug;
		};
		14B057E9235C64E100E3538C /* Release */ = {
			isa = XCBuildConfiguration;
			buildSettings = {
				ALWAYS_SEARCH_USER_PATHS = NO;
				CLANG_ANALYZER_NONNULL = YES;
				CLANG_ANALYZER_NUMBER_OBJECT_CONVERSION = YES_AGGRESSIVE;
				CLANG_CXX_LANGUAGE_STANDARD = "gnu++14";
				CLANG_CXX_LIBRARY = "libc++";
				CLANG_ENABLE_MODULES = YES;
				CLANG_ENABLE_OBJC_ARC = YES;
				CLANG_ENABLE_OBJC_WEAK = YES;
				CLANG_WARN_BLOCK_CAPTURE_AUTORELEASING = YES;
				CLANG_WARN_BOOL_CONVERSION = YES;
				CLANG_WARN_COMMA = YES;
				CLANG_WARN_CONSTANT_CONVERSION = YES;
				CLANG_WARN_DEPRECATED_OBJC_IMPLEMENTATIONS = YES;
				CLANG_WARN_DIRECT_OBJC_ISA_USAGE = YES_ERROR;
				CLANG_WARN_DOCUMENTATION_COMMENTS = YES;
				CLANG_WARN_EMPTY_BODY = YES;
				CLANG_WARN_ENUM_CONVERSION = YES;
				CLANG_WARN_INFINITE_RECURSION = YES;
				CLANG_WARN_INT_CONVERSION = YES;
				CLANG_WARN_NON_LITERAL_NULL_CONVERSION = YES;
				CLANG_WARN_OBJC_IMPLICIT_RETAIN_SELF = YES;
				CLANG_WARN_OBJC_LITERAL_CONVERSION = YES;
				CLANG_WARN_OBJC_ROOT_CLASS = YES_ERROR;
				CLANG_WARN_RANGE_LOOP_ANALYSIS = YES;
				CLANG_WARN_STRICT_PROTOTYPES = YES;
				CLANG_WARN_SUSPICIOUS_MOVE = YES;
				CLANG_WARN_UNGUARDED_AVAILABILITY = YES_AGGRESSIVE;
				CLANG_WARN_UNREACHABLE_CODE = YES;
				CLANG_WARN__DUPLICATE_METHOD_MATCH = YES;
				COPY_PHASE_STRIP = NO;
				DEBUG_INFORMATION_FORMAT = "dwarf-with-dsym";
				ENABLE_NS_ASSERTIONS = NO;
				ENABLE_STRICT_OBJC_MSGSEND = YES;
				GCC_C_LANGUAGE_STANDARD = gnu11;
				GCC_NO_COMMON_BLOCKS = YES;
				GCC_WARN_64_TO_32_BIT_CONVERSION = YES;
				GCC_WARN_ABOUT_RETURN_TYPE = YES_ERROR;
				GCC_WARN_UNDECLARED_SELECTOR = YES;
				GCC_WARN_UNINITIALIZED_AUTOS = YES_AGGRESSIVE;
				GCC_WARN_UNUSED_FUNCTION = YES;
				GCC_WARN_UNUSED_VARIABLE = YES;
				IPHONEOS_DEPLOYMENT_TARGET = 13.1;
				MTL_ENABLE_DEBUG_INFO = NO;
				MTL_FAST_MATH = YES;
				SDKROOT = iphoneos;
				SWIFT_COMPILATION_MODE = wholemodule;
				SWIFT_OPTIMIZATION_LEVEL = "-O";
				VALIDATE_PRODUCT = YES;
			};
			name = Release;
		};
		14B057EB235C64E100E3538C /* Debug */ = {
			isa = XCBuildConfiguration;
			buildSettings = {
				ASSETCATALOG_COMPILER_APPICON_NAME = AppIcon;
				CODE_SIGN_STYLE = Automatic;
				DEVELOPMENT_ASSET_PATHS = "\"InstagramHomeSwiftUI/Preview Content\"";
				DEVELOPMENT_TEAM = F559RCTS8G;
				ENABLE_PREVIEWS = YES;
				INFOPLIST_FILE = InstagramHomeSwiftUI/Info.plist;
				LD_RUNPATH_SEARCH_PATHS = (
					"$(inherited)",
					"@executable_path/Frameworks",
				);
				PRODUCT_BUNDLE_IDENTIFIER = seanlin.InstagramHomeSwiftUI;
				PRODUCT_NAME = "$(TARGET_NAME)";
				SWIFT_VERSION = 5.0;
				TARGETED_DEVICE_FAMILY = "1,2";
			};
			name = Debug;
		};
		14B057EC235C64E100E3538C /* Release */ = {
			isa = XCBuildConfiguration;
			buildSettings = {
				ASSETCATALOG_COMPILER_APPICON_NAME = AppIcon;
				CODE_SIGN_STYLE = Automatic;
				DEVELOPMENT_ASSET_PATHS = "\"InstagramHomeSwiftUI/Preview Content\"";
				DEVELOPMENT_TEAM = F559RCTS8G;
				ENABLE_PREVIEWS = YES;
				INFOPLIST_FILE = InstagramHomeSwiftUI/Info.plist;
				LD_RUNPATH_SEARCH_PATHS = (
					"$(inherited)",
					"@executable_path/Frameworks",
				);
				PRODUCT_BUNDLE_IDENTIFIER = seanlin.InstagramHomeSwiftUI;
				PRODUCT_NAME = "$(TARGET_NAME)";
				SWIFT_VERSION = 5.0;
				TARGETED_DEVICE_FAMILY = "1,2";
			};
			name = Release;
		};
/* End XCBuildConfiguration section */

/* Begin XCConfigurationList section */
		14B057D1235C64E000E3538C /* Build configuration list for PBXProject "InstagramHomeSwiftUI" */ = {
			isa = XCConfigurationList;
			buildConfigurations = (
				14B057E8235C64E100E3538C /* Debug */,
				14B057E9235C64E100E3538C /* Release */,
			);
			defaultConfigurationIsVisible = 0;
			defaultConfigurationName = Release;
		};
		14B057EA235C64E100E3538C /* Build configuration list for PBXNativeTarget "InstagramHomeSwiftUI" */ = {
			isa = XCConfigurationList;
			buildConfigurations = (
				14B057EB235C64E100E3538C /* Debug */,
				14B057EC235C64E100E3538C /* Release */,
			);
			defaultConfigurationIsVisible = 0;
			defaultConfigurationName = Release;
		};
/* End XCConfigurationList section */
	};
	rootObject = 14B057CE235C64E000E3538C /* Project object */;
}
